
Microsoft Visual Studio Solution File, Format Version 12.00
# Visual Studio Version 17
VisualStudioVersion = 17.8.34112.27
MinimumVisualStudioVersion = 10.0.40219.1
Project("{8BC9CEB8-8B4A-11D0-8D11-00A0C91BC942}") = "meshCD", "objCD.vcxproj", "{C9C2E882-227B-4E00-AD6D-1AF346CA2237}"
EndProject
Global
	GlobalSection(SolutionConfigurationPlatforms) = preSolution
		Debug|Win32 = Debug|Win32
		Debug|x64 = Debug|x64
		Debug|x86 = Debug|x86
		Release|Win32 = Release|Win32
		Release|x64 = Release|x64
		Release|x86 = Release|x86
	EndGlobalSection
	GlobalSection(ProjectConfigurationPlatforms) = postSolution
		{C9C2E882-227B-4E00-AD6D-1AF346CA2237}.Debug|Win32.ActiveCfg = Debug|Win32
		{C9C2E882-227B-4E00-AD6D-1AF346CA2237}.Debug|Win32.Build.0 = Debug|Win32
		{C9C2E882-227B-4E00-AD6D-1AF346CA2237}.Debug|x64.ActiveCfg = Debug|x64
		{C9C2E882-227B-4E00-AD6D-1AF346CA2237}.Debug|x64.Build.0 = Debug|x64
		{C9C2E882-227B-4E00-AD6D-1AF346CA2237}.Debug|x86.ActiveCfg = Debug|Win32
		{C9C2E882-227B-4E00-AD6D-1AF346CA2237}.Debug|x86.Build.0 = Debug|Win32
		{C9C2E882-227B-4E00-AD6D-1AF346CA2237}.Release|Win32.ActiveCfg = Release|Win32
		{C9C2E882-227B-4E00-AD6D-1AF346CA2237}.Release|Win32.Build.0 = Release|Win32
		{C9C2E882-227B-4E00-AD6D-1AF346CA2237}.Release|x64.ActiveCfg = Release|x64
		{C9C2E882-227B-4E00-AD6D-1AF346CA2237}.Release|x64.Build.0 = Release|x64
		{C9C2E882-227B-4E00-AD6D-1AF346CA2237}.Release|x86.ActiveCfg = Release|Win32
		{C9C2E882-227B-4E00-AD6D-1AF346CA2237}.Release|x86.Build.0 = Release|Win32
	EndGlobalSection
	GlobalSection(SolutionProperties) = preSolution
		HideSolutionNode = FALSE
	EndGlobalSection
	GlobalSection(ExtensibilityGlobals) = postSolution
		SolutionGuid = {2DF6C44E-4370-4E9A-9627-319B6BFC01CC}
	EndGlobalSection
EndGlobal
